
Microsoft Visual Studio Solution File, Format Version 12.00
# Visual Studio Version 17
VisualStudioVersion = 17.10.35122.118
MinimumVisualStudioVersion = 10.0.40219.1
Project("{FAE04EC0-301F-11D3-BF4B-00C04F79EFBC}") = "ProjectSessionLogin", "ProjectSessionLogin\ProjectSessionLogin.csproj", "{5DD4B02A-D159-4B82-B77A-CC7FD3C55735}"
EndProject
Global
	GlobalSection(SolutionConfigurationPlatforms) = preSolution
		Debug|Any CPU = Debug|Any CPU
		Release|Any CPU = Release|Any CPU
	EndGlobalSection
	GlobalSection(ProjectConfigurationPlatforms) = postSolution
		{5DD4B02A-D159-4B82-B77A-CC7FD3C55735}.Debug|Any CPU.ActiveCfg = Debug|Any CPU
		{5DD4B02A-D159-4B82-B77A-CC7FD3C55735}.Debug|Any CPU.Build.0 = Debug|Any CPU
		{5DD4B02A-D159-4B82-B77A-CC7FD3C55735}.Release|Any CPU.ActiveCfg = Release|Any CPU
		{5DD4B02A-D159-4B82-B77A-CC7FD3C55735}.Release|Any CPU.Build.0 = Release|Any CPU
	EndGlobalSection
	GlobalSection(SolutionProperties) = preSolution
		HideSolutionNode = FALSE
	EndGlobalSection
	GlobalSection(ExtensibilityGlobals) = postSolution
		SolutionGuid = {F081B79B-9D9D-43E6-97D0-A6D638ABCC70}
	EndGlobalSection
EndGlobal
